
Microsoft Visual Studio Solution File, Format Version 12.00
# Visual Studio Version 16
VisualStudioVersion = 16.0.28922.388
MinimumVisualStudioVersion = 10.0.40219.1
Project("{9A19103F-16F7-4668-BE54-9A1E7A4F7556}") = "Gaia.Entity", "Gaia.Entity\Gaia.Entity.csproj", "{75A1E522-CEE5-4B8A-8B53-8E4D7D974E24}"
EndProject
Project("{9A19103F-16F7-4668-BE54-9A1E7A4F7556}") = "Gaia.Data", "Gaia.Data\Gaia.Data.csproj", "{6F192D5F-316C-48C4-9A4F-629501F0C45B}"
EndProject
Project("{9A19103F-16F7-4668-BE54-9A1E7A4F7556}") = "Gaia.Services", "Gaia.Service\Gaia.Services.csproj", "{D3F0975B-8709-4537-BE5E-BC1BAAE8C9B3}"
EndProject
Project("{9A19103F-16F7-4668-BE54-9A1E7A4F7556}") = "Gaia.Api", "Gaia.Api\Gaia.Api.csproj", "{382570F5-3D1B-4EA5-A94D-E0612BC73DE0}"
EndProject
Project("{FAE04EC0-301F-11D3-BF4B-00C04F79EFBC}") = "Gaia.Helpers", "Gaia.Helpers\Gaia.Helpers.csproj", "{53530A5F-ECBB-42BA-B0CB-6645AE9DC7E9}"
EndProject
Global
	GlobalSection(SolutionConfigurationPlatforms) = preSolution
		Debug|Any CPU = Debug|Any CPU
		Release|Any CPU = Release|Any CPU
	EndGlobalSection
	GlobalSection(ProjectConfigurationPlatforms) = postSolution
		{75A1E522-CEE5-4B8A-8B53-8E4D7D974E24}.Debug|Any CPU.ActiveCfg = Debug|Any CPU
		{75A1E522-CEE5-4B8A-8B53-8E4D7D974E24}.Debug|Any CPU.Build.0 = Debug|Any CPU
		{75A1E522-CEE5-4B8A-8B53-8E4D7D974E24}.Release|Any CPU.ActiveCfg = Release|Any CPU
		{75A1E522-CEE5-4B8A-8B53-8E4D7D974E24}.Release|Any CPU.Build.0 = Release|Any CPU
		{6F192D5F-316C-48C4-9A4F-629501F0C45B}.Debug|Any CPU.ActiveCfg = Debug|Any CPU
		{6F192D5F-316C-48C4-9A4F-629501F0C45B}.Debug|Any CPU.Build.0 = Debug|Any CPU
		{6F192D5F-316C-48C4-9A4F-629501F0C45B}.Release|Any CPU.ActiveCfg = Release|Any CPU
		{6F192D5F-316C-48C4-9A4F-629501F0C45B}.Release|Any CPU.Build.0 = Release|Any CPU
		{D3F0975B-8709-4537-BE5E-BC1BAAE8C9B3}.Debug|Any CPU.ActiveCfg = Debug|Any CPU
		{D3F0975B-8709-4537-BE5E-BC1BAAE8C9B3}.Debug|Any CPU.Build.0 = Debug|Any CPU
		{D3F0975B-8709-4537-BE5E-BC1BAAE8C9B3}.Release|Any CPU.ActiveCfg = Release|Any CPU
		{D3F0975B-8709-4537-BE5E-BC1BAAE8C9B3}.Release|Any CPU.Build.0 = Release|Any CPU
		{382570F5-3D1B-4EA5-A94D-E0612BC73DE0}.Debug|Any CPU.ActiveCfg = Debug|Any CPU
		{382570F5-3D1B-4EA5-A94D-E0612BC73DE0}.Debug|Any CPU.Build.0 = Debug|Any CPU
		{382570F5-3D1B-4EA5-A94D-E0612BC73DE0}.Release|Any CPU.ActiveCfg = Release|Any CPU
		{382570F5-3D1B-4EA5-A94D-E0612BC73DE0}.Release|Any CPU.Build.0 = Release|Any CPU
		{53530A5F-ECBB-42BA-B0CB-6645AE9DC7E9}.Debug|Any CPU.ActiveCfg = Debug|Any CPU
		{53530A5F-ECBB-42BA-B0CB-6645AE9DC7E9}.Debug|Any CPU.Build.0 = Debug|Any CPU
		{53530A5F-ECBB-42BA-B0CB-6645AE9DC7E9}.Release|Any CPU.ActiveCfg = Release|Any CPU
		{53530A5F-ECBB-42BA-B0CB-6645AE9DC7E9}.Release|Any CPU.Build.0 = Release|Any CPU
	EndGlobalSection
	GlobalSection(SolutionProperties) = preSolution
		HideSolutionNode = FALSE
	EndGlobalSection
	GlobalSection(ExtensibilityGlobals) = postSolution
		SolutionGuid = {ED13C439-A4AA-44DF-8B62-93218DA356F2}
	EndGlobalSection
EndGlobal
